
Microsoft Visual Studio Solution File, Format Version 12.00
# Visual Studio Version 17
VisualStudioVersion = 17.8.34330.188
MinimumVisualStudioVersion = 10.0.40219.1
Project("{9A19103F-16F7-4668-BE54-9A1E7A4F7556}") = "Ekzakt.Templates.Console.Utilities", "Ekzakt.Templates.Console.Utilities\Ekzakt.Templates.Console.Utilities.csproj", "{60CDAC6F-8B56-4ED0-8956-487DAB0815B8}"
EndProject
Project("{9A19103F-16F7-4668-BE54-9A1E7A4F7556}") = "Ekzakt.Templates.Console", "Ekzakt.Templates.Console\Ekzakt.Templates.Console.csproj", "{CFF5EB3E-119E-418C-BD5A-FFCF5898B603}"
EndProject
Project("{9A19103F-16F7-4668-BE54-9A1E7A4F7556}") = "Ekzakt.Templates.Classes", "Ekzakt.Templates.Classes\Ekzakt.Templates.Classes.csproj", "{24F78966-E33B-41DB-A837-E7DD404AADA3}"
EndProject
Project("{2150E333-8FDC-42A3-9474-1A3956D46DE8}") = "Solution Items", "Solution Items", "{7CF9B9CD-9D48-4B99-8B9B-FB917537EF1E}"
	ProjectSection(SolutionItems) = preProject
		README.md = README.md
	EndProjectSection
EndProject
Global
	GlobalSection(SolutionConfigurationPlatforms) = preSolution
		Debug|Any CPU = Debug|Any CPU
		Release|Any CPU = Release|Any CPU
	EndGlobalSection
	GlobalSection(ProjectConfigurationPlatforms) = postSolution
		{60CDAC6F-8B56-4ED0-8956-487DAB0815B8}.Debug|Any CPU.ActiveCfg = Debug|Any CPU
		{60CDAC6F-8B56-4ED0-8956-487DAB0815B8}.Debug|Any CPU.Build.0 = Debug|Any CPU
		{60CDAC6F-8B56-4ED0-8956-487DAB0815B8}.Release|Any CPU.ActiveCfg = Release|Any CPU
		{60CDAC6F-8B56-4ED0-8956-487DAB0815B8}.Release|Any CPU.Build.0 = Release|Any CPU
		{CFF5EB3E-119E-418C-BD5A-FFCF5898B603}.Debug|Any CPU.ActiveCfg = Debug|Any CPU
		{CFF5EB3E-119E-418C-BD5A-FFCF5898B603}.Debug|Any CPU.Build.0 = Debug|Any CPU
		{CFF5EB3E-119E-418C-BD5A-FFCF5898B603}.Release|Any CPU.ActiveCfg = Release|Any CPU
		{CFF5EB3E-119E-418C-BD5A-FFCF5898B603}.Release|Any CPU.Build.0 = Release|Any CPU
		{24F78966-E33B-41DB-A837-E7DD404AADA3}.Debug|Any CPU.ActiveCfg = Debug|Any CPU
		{24F78966-E33B-41DB-A837-E7DD404AADA3}.Debug|Any CPU.Build.0 = Debug|Any CPU
		{24F78966-E33B-41DB-A837-E7DD404AADA3}.Release|Any CPU.ActiveCfg = Release|Any CPU
		{24F78966-E33B-41DB-A837-E7DD404AADA3}.Release|Any CPU.Build.0 = Release|Any CPU
	EndGlobalSection
	GlobalSection(SolutionProperties) = preSolution
		HideSolutionNode = FALSE
	EndGlobalSection
	GlobalSection(ExtensibilityGlobals) = postSolution
		SolutionGuid = {84CF61B2-C28C-4ECA-A6B0-BDD916984013}
	EndGlobalSection
EndGlobal
